<?xml version="1.0" encoding="UTF-8"?>
<CodeBlocks_project_file>
	<FileVersion major="1" minor="6"/>
	<Project>
		<Option title="daily_coding_problem"/>
		<Option makefile_is_custom="1"/>
		<Option compiler="gcc"/>
		<Option virtualFolders="CMake Files\;CMake Files\test\;"/>
		<Build>
			<Target title="all">
				<Option working_dir="/Users/sraaphorst/Development/daily_coding_problem/dcp_cpp/debug"/>
				<Option type="4"/>
				<MakeCommands>
					<Build command="/usr/local/bin/gmake -j8 -f &quot;/Users/sraaphorst/Development/daily_coding_problem/dcp_cpp/debug/Makefile&quot;  VERBOSE=1 all"/>
					<CompileFile command="/usr/local/bin/gmake -j8 -f &quot;/Users/sraaphorst/Development/daily_coding_problem/dcp_cpp/debug/Makefile&quot;  VERBOSE=1 &quot;$file&quot;"/>
					<Clean command="/usr/local/bin/gmake -j8 -f &quot;/Users/sraaphorst/Development/daily_coding_problem/dcp_cpp/debug/Makefile&quot;  VERBOSE=1 clean"/>
					<DistClean command="/usr/local/bin/gmake -j8 -f &quot;/Users/sraaphorst/Development/daily_coding_problem/dcp_cpp/debug/Makefile&quot;  VERBOSE=1 clean"/>
				</MakeCommands>
			</Target>
			<Target title="rebuild_cache">
				<Option working_dir="/Users/sraaphorst/Development/daily_coding_problem/dcp_cpp/debug"/>
				<Option type="4"/>
				<MakeCommands>
					<Build command="/usr/local/bin/gmake -j8 -f &quot;/Users/sraaphorst/Development/daily_coding_problem/dcp_cpp/debug/Makefile&quot;  VERBOSE=1 rebuild_cache"/>
					<CompileFile command="/usr/local/bin/gmake -j8 -f &quot;/Users/sraaphorst/Development/daily_coding_problem/dcp_cpp/debug/Makefile&quot;  VERBOSE=1 &quot;$file&quot;"/>
					<Clean command="/usr/local/bin/gmake -j8 -f &quot;/Users/sraaphorst/Development/daily_coding_problem/dcp_cpp/debug/Makefile&quot;  VERBOSE=1 clean"/>
					<DistClean command="/usr/local/bin/gmake -j8 -f &quot;/Users/sraaphorst/Development/daily_coding_problem/dcp_cpp/debug/Makefile&quot;  VERBOSE=1 clean"/>
				</MakeCommands>
			</Target>
			<Target title="edit_cache">
				<Option working_dir="/Users/sraaphorst/Development/daily_coding_problem/dcp_cpp/debug"/>
				<Option type="4"/>
				<MakeCommands>
					<Build command="/usr/local/bin/gmake -j8 -f &quot;/Users/sraaphorst/Development/daily_coding_problem/dcp_cpp/debug/Makefile&quot;  VERBOSE=1 edit_cache"/>
					<CompileFile command="/usr/local/bin/gmake -j8 -f &quot;/Users/sraaphorst/Development/daily_coding_problem/dcp_cpp/debug/Makefile&quot;  VERBOSE=1 &quot;$file&quot;"/>
					<Clean command="/usr/local/bin/gmake -j8 -f &quot;/Users/sraaphorst/Development/daily_coding_problem/dcp_cpp/debug/Makefile&quot;  VERBOSE=1 clean"/>
					<DistClean command="/usr/local/bin/gmake -j8 -f &quot;/Users/sraaphorst/Development/daily_coding_problem/dcp_cpp/debug/Makefile&quot;  VERBOSE=1 clean"/>
				</MakeCommands>
			</Target>
			<Target title="TestDay012">
				<Option output="/Users/sraaphorst/Development/daily_coding_problem/dcp_cpp/debug/test/TestDay012" prefix_auto="0" extension_auto="0"/>
				<Option working_dir="/Users/sraaphorst/Development/daily_coding_problem/dcp_cpp/debug/test"/>
				<Option object_output="./"/>
				<Option type="1"/>
				<Option compiler="gcc"/>
				<Compiler>
					<Add directory="/Users/sraaphorst/Development/daily_coding_problem/dcp_cpp/src"/>
					<Add directory="/Users/sraaphorst/Development/daily_coding_problem/dcp_cpp/test"/>
					<Add directory="/usr/local/Cellar/gcc/8.2.0/lib/gcc/8/gcc/x86_64-apple-darwin17.7.0/8.2.0/../../../../../../include/c++/8.2.0"/>
					<Add directory="/usr/local/Cellar/gcc/8.2.0/lib/gcc/8/gcc/x86_64-apple-darwin17.7.0/8.2.0/../../../../../../include/c++/8.2.0/x86_64-apple-darwin17.7.0"/>
					<Add directory="/usr/local/Cellar/gcc/8.2.0/lib/gcc/8/gcc/x86_64-apple-darwin17.7.0/8.2.0/../../../../../../include/c++/8.2.0/backward"/>
					<Add directory="/usr/local/Cellar/gcc/8.2.0/lib/gcc/8/gcc/x86_64-apple-darwin17.7.0/8.2.0/include"/>
					<Add directory="/usr/local/include"/>
					<Add directory="/usr/local/Cellar/gcc/8.2.0/include"/>
					<Add directory="/usr/local/Cellar/gcc/8.2.0/lib/gcc/8/gcc/x86_64-apple-darwin17.7.0/8.2.0/include-fixed"/>
					<Add directory="/usr/include"/>
					<Add directory="/System/Library/Frameworks"/>
					<Add directory="/Library/Frameworks"/>
				</Compiler>
				<MakeCommands>
					<Build command="/usr/local/bin/gmake -j8 -f &quot;/Users/sraaphorst/Development/daily_coding_problem/dcp_cpp/debug/test/Makefile&quot;  VERBOSE=1 TestDay012"/>
					<CompileFile command="/usr/local/bin/gmake -j8 -f &quot;/Users/sraaphorst/Development/daily_coding_problem/dcp_cpp/debug/test/Makefile&quot;  VERBOSE=1 &quot;$file&quot;"/>
					<Clean command="/usr/local/bin/gmake -j8 -f &quot;/Users/sraaphorst/Development/daily_coding_problem/dcp_cpp/debug/test/Makefile&quot;  VERBOSE=1 clean"/>
					<DistClean command="/usr/local/bin/gmake -j8 -f &quot;/Users/sraaphorst/Development/daily_coding_problem/dcp_cpp/debug/test/Makefile&quot;  VERBOSE=1 clean"/>
				</MakeCommands>
			</Target>
			<Target title="TestDay012/fast">
				<Option output="/Users/sraaphorst/Development/daily_coding_problem/dcp_cpp/debug/test/TestDay012" prefix_auto="0" extension_auto="0"/>
				<Option working_dir="/Users/sraaphorst/Development/daily_coding_problem/dcp_cpp/debug/test"/>
				<Option object_output="./"/>
				<Option type="1"/>
				<Option compiler="gcc"/>
				<Compiler>
					<Add directory="/Users/sraaphorst/Development/daily_coding_problem/dcp_cpp/src"/>
					<Add directory="/Users/sraaphorst/Development/daily_coding_problem/dcp_cpp/test"/>
					<Add directory="/usr/local/Cellar/gcc/8.2.0/lib/gcc/8/gcc/x86_64-apple-darwin17.7.0/8.2.0/../../../../../../include/c++/8.2.0"/>
					<Add directory="/usr/local/Cellar/gcc/8.2.0/lib/gcc/8/gcc/x86_64-apple-darwin17.7.0/8.2.0/../../../../../../include/c++/8.2.0/x86_64-apple-darwin17.7.0"/>
					<Add directory="/usr/local/Cellar/gcc/8.2.0/lib/gcc/8/gcc/x86_64-apple-darwin17.7.0/8.2.0/../../../../../../include/c++/8.2.0/backward"/>
					<Add directory="/usr/local/Cellar/gcc/8.2.0/lib/gcc/8/gcc/x86_64-apple-darwin17.7.0/8.2.0/include"/>
					<Add directory="/usr/local/include"/>
					<Add directory="/usr/local/Cellar/gcc/8.2.0/include"/>
					<Add directory="/usr/local/Cellar/gcc/8.2.0/lib/gcc/8/gcc/x86_64-apple-darwin17.7.0/8.2.0/include-fixed"/>
					<Add directory="/usr/include"/>
					<Add directory="/System/Library/Frameworks"/>
					<Add directory="/Library/Frameworks"/>
				</Compiler>
				<MakeCommands>
					<Build command="/usr/local/bin/gmake -j8 -f &quot;/Users/sraaphorst/Development/daily_coding_problem/dcp_cpp/debug/test/Makefile&quot;  VERBOSE=1 TestDay012/fast"/>
					<CompileFile command="/usr/local/bin/gmake -j8 -f &quot;/Users/sraaphorst/Development/daily_coding_problem/dcp_cpp/debug/test/Makefile&quot;  VERBOSE=1 &quot;$file&quot;"/>
					<Clean command="/usr/local/bin/gmake -j8 -f &quot;/Users/sraaphorst/Development/daily_coding_problem/dcp_cpp/debug/test/Makefile&quot;  VERBOSE=1 clean"/>
					<DistClean command="/usr/local/bin/gmake -j8 -f &quot;/Users/sraaphorst/Development/daily_coding_problem/dcp_cpp/debug/test/Makefile&quot;  VERBOSE=1 clean"/>
				</MakeCommands>
			</Target>
			<Target title="TestDay001">
				<Option output="/Users/sraaphorst/Development/daily_coding_problem/dcp_cpp/debug/test/TestDay001" prefix_auto="0" extension_auto="0"/>
				<Option working_dir="/Users/sraaphorst/Development/daily_coding_problem/dcp_cpp/debug/test"/>
				<Option object_output="./"/>
				<Option type="1"/>
				<Option compiler="gcc"/>
				<Compiler>
					<Add directory="/Users/sraaphorst/Development/daily_coding_problem/dcp_cpp/src"/>
					<Add directory="/Users/sraaphorst/Development/daily_coding_problem/dcp_cpp/test"/>
					<Add directory="/usr/local/Cellar/gcc/8.2.0/lib/gcc/8/gcc/x86_64-apple-darwin17.7.0/8.2.0/../../../../../../include/c++/8.2.0"/>
					<Add directory="/usr/local/Cellar/gcc/8.2.0/lib/gcc/8/gcc/x86_64-apple-darwin17.7.0/8.2.0/../../../../../../include/c++/8.2.0/x86_64-apple-darwin17.7.0"/>
					<Add directory="/usr/local/Cellar/gcc/8.2.0/lib/gcc/8/gcc/x86_64-apple-darwin17.7.0/8.2.0/../../../../../../include/c++/8.2.0/backward"/>
					<Add directory="/usr/local/Cellar/gcc/8.2.0/lib/gcc/8/gcc/x86_64-apple-darwin17.7.0/8.2.0/include"/>
					<Add directory="/usr/local/include"/>
					<Add directory="/usr/local/Cellar/gcc/8.2.0/include"/>
					<Add directory="/usr/local/Cellar/gcc/8.2.0/lib/gcc/8/gcc/x86_64-apple-darwin17.7.0/8.2.0/include-fixed"/>
					<Add directory="/usr/include"/>
					<Add directory="/System/Library/Frameworks"/>
					<Add directory="/Library/Frameworks"/>
				</Compiler>
				<MakeCommands>
					<Build command="/usr/local/bin/gmake -j8 -f &quot;/Users/sraaphorst/Development/daily_coding_problem/dcp_cpp/debug/test/Makefile&quot;  VERBOSE=1 TestDay001"/>
					<CompileFile command="/usr/local/bin/gmake -j8 -f &quot;/Users/sraaphorst/Development/daily_coding_problem/dcp_cpp/debug/test/Makefile&quot;  VERBOSE=1 &quot;$file&quot;"/>
					<Clean command="/usr/local/bin/gmake -j8 -f &quot;/Users/sraaphorst/Development/daily_coding_problem/dcp_cpp/debug/test/Makefile&quot;  VERBOSE=1 clean"/>
					<DistClean command="/usr/local/bin/gmake -j8 -f &quot;/Users/sraaphorst/Development/daily_coding_problem/dcp_cpp/debug/test/Makefile&quot;  VERBOSE=1 clean"/>
				</MakeCommands>
			</Target>
			<Target title="TestDay001/fast">
				<Option output="/Users/sraaphorst/Development/daily_coding_problem/dcp_cpp/debug/test/TestDay001" prefix_auto="0" extension_auto="0"/>
				<Option working_dir="/Users/sraaphorst/Development/daily_coding_problem/dcp_cpp/debug/test"/>
				<Option object_output="./"/>
				<Option type="1"/>
				<Option compiler="gcc"/>
				<Compiler>
					<Add directory="/Users/sraaphorst/Development/daily_coding_problem/dcp_cpp/src"/>
					<Add directory="/Users/sraaphorst/Development/daily_coding_problem/dcp_cpp/test"/>
					<Add directory="/usr/local/Cellar/gcc/8.2.0/lib/gcc/8/gcc/x86_64-apple-darwin17.7.0/8.2.0/../../../../../../include/c++/8.2.0"/>
					<Add directory="/usr/local/Cellar/gcc/8.2.0/lib/gcc/8/gcc/x86_64-apple-darwin17.7.0/8.2.0/../../../../../../include/c++/8.2.0/x86_64-apple-darwin17.7.0"/>
					<Add directory="/usr/local/Cellar/gcc/8.2.0/lib/gcc/8/gcc/x86_64-apple-darwin17.7.0/8.2.0/../../../../../../include/c++/8.2.0/backward"/>
					<Add directory="/usr/local/Cellar/gcc/8.2.0/lib/gcc/8/gcc/x86_64-apple-darwin17.7.0/8.2.0/include"/>
					<Add directory="/usr/local/include"/>
					<Add directory="/usr/local/Cellar/gcc/8.2.0/include"/>
					<Add directory="/usr/local/Cellar/gcc/8.2.0/lib/gcc/8/gcc/x86_64-apple-darwin17.7.0/8.2.0/include-fixed"/>
					<Add directory="/usr/include"/>
					<Add directory="/System/Library/Frameworks"/>
					<Add directory="/Library/Frameworks"/>
				</Compiler>
				<MakeCommands>
					<Build command="/usr/local/bin/gmake -j8 -f &quot;/Users/sraaphorst/Development/daily_coding_problem/dcp_cpp/debug/test/Makefile&quot;  VERBOSE=1 TestDay001/fast"/>
					<CompileFile command="/usr/local/bin/gmake -j8 -f &quot;/Users/sraaphorst/Development/daily_coding_problem/dcp_cpp/debug/test/Makefile&quot;  VERBOSE=1 &quot;$file&quot;"/>
					<Clean command="/usr/local/bin/gmake -j8 -f &quot;/Users/sraaphorst/Development/daily_coding_problem/dcp_cpp/debug/test/Makefile&quot;  VERBOSE=1 clean"/>
					<DistClean command="/usr/local/bin/gmake -j8 -f &quot;/Users/sraaphorst/Development/daily_coding_problem/dcp_cpp/debug/test/Makefile&quot;  VERBOSE=1 clean"/>
				</MakeCommands>
			</Target>
			<Target title="tests">
				<Option output="/Users/sraaphorst/Development/daily_coding_problem/dcp_cpp/debug/test/tests" prefix_auto="0" extension_auto="0"/>
				<Option working_dir="/Users/sraaphorst/Development/daily_coding_problem/dcp_cpp/debug/test"/>
				<Option object_output="./"/>
				<Option type="1"/>
				<Option compiler="gcc"/>
				<Compiler>
					<Add directory="/Users/sraaphorst/Development/daily_coding_problem/dcp_cpp/src"/>
					<Add directory="/Users/sraaphorst/Development/daily_coding_problem/dcp_cpp/test"/>
					<Add directory="/usr/local/Cellar/gcc/8.2.0/lib/gcc/8/gcc/x86_64-apple-darwin17.7.0/8.2.0/../../../../../../include/c++/8.2.0"/>
					<Add directory="/usr/local/Cellar/gcc/8.2.0/lib/gcc/8/gcc/x86_64-apple-darwin17.7.0/8.2.0/../../../../../../include/c++/8.2.0/x86_64-apple-darwin17.7.0"/>
					<Add directory="/usr/local/Cellar/gcc/8.2.0/lib/gcc/8/gcc/x86_64-apple-darwin17.7.0/8.2.0/../../../../../../include/c++/8.2.0/backward"/>
					<Add directory="/usr/local/Cellar/gcc/8.2.0/lib/gcc/8/gcc/x86_64-apple-darwin17.7.0/8.2.0/include"/>
					<Add directory="/usr/local/include"/>
					<Add directory="/usr/local/Cellar/gcc/8.2.0/include"/>
					<Add directory="/usr/local/Cellar/gcc/8.2.0/lib/gcc/8/gcc/x86_64-apple-darwin17.7.0/8.2.0/include-fixed"/>
					<Add directory="/usr/include"/>
					<Add directory="/System/Library/Frameworks"/>
					<Add directory="/Library/Frameworks"/>
				</Compiler>
				<MakeCommands>
					<Build command="/usr/local/bin/gmake -j8 -f &quot;/Users/sraaphorst/Development/daily_coding_problem/dcp_cpp/debug/test/Makefile&quot;  VERBOSE=1 tests"/>
					<CompileFile command="/usr/local/bin/gmake -j8 -f &quot;/Users/sraaphorst/Development/daily_coding_problem/dcp_cpp/debug/test/Makefile&quot;  VERBOSE=1 &quot;$file&quot;"/>
					<Clean command="/usr/local/bin/gmake -j8 -f &quot;/Users/sraaphorst/Development/daily_coding_problem/dcp_cpp/debug/test/Makefile&quot;  VERBOSE=1 clean"/>
					<DistClean command="/usr/local/bin/gmake -j8 -f &quot;/Users/sraaphorst/Development/daily_coding_problem/dcp_cpp/debug/test/Makefile&quot;  VERBOSE=1 clean"/>
				</MakeCommands>
			</Target>
			<Target title="tests/fast">
				<Option output="/Users/sraaphorst/Development/daily_coding_problem/dcp_cpp/debug/test/tests" prefix_auto="0" extension_auto="0"/>
				<Option working_dir="/Users/sraaphorst/Development/daily_coding_problem/dcp_cpp/debug/test"/>
				<Option object_output="./"/>
				<Option type="1"/>
				<Option compiler="gcc"/>
				<Compiler>
					<Add directory="/Users/sraaphorst/Development/daily_coding_problem/dcp_cpp/src"/>
					<Add directory="/Users/sraaphorst/Development/daily_coding_problem/dcp_cpp/test"/>
					<Add directory="/usr/local/Cellar/gcc/8.2.0/lib/gcc/8/gcc/x86_64-apple-darwin17.7.0/8.2.0/../../../../../../include/c++/8.2.0"/>
					<Add directory="/usr/local/Cellar/gcc/8.2.0/lib/gcc/8/gcc/x86_64-apple-darwin17.7.0/8.2.0/../../../../../../include/c++/8.2.0/x86_64-apple-darwin17.7.0"/>
					<Add directory="/usr/local/Cellar/gcc/8.2.0/lib/gcc/8/gcc/x86_64-apple-darwin17.7.0/8.2.0/../../../../../../include/c++/8.2.0/backward"/>
					<Add directory="/usr/local/Cellar/gcc/8.2.0/lib/gcc/8/gcc/x86_64-apple-darwin17.7.0/8.2.0/include"/>
					<Add directory="/usr/local/include"/>
					<Add directory="/usr/local/Cellar/gcc/8.2.0/include"/>
					<Add directory="/usr/local/Cellar/gcc/8.2.0/lib/gcc/8/gcc/x86_64-apple-darwin17.7.0/8.2.0/include-fixed"/>
					<Add directory="/usr/include"/>
					<Add directory="/System/Library/Frameworks"/>
					<Add directory="/Library/Frameworks"/>
				</Compiler>
				<MakeCommands>
					<Build command="/usr/local/bin/gmake -j8 -f &quot;/Users/sraaphorst/Development/daily_coding_problem/dcp_cpp/debug/test/Makefile&quot;  VERBOSE=1 tests/fast"/>
					<CompileFile command="/usr/local/bin/gmake -j8 -f &quot;/Users/sraaphorst/Development/daily_coding_problem/dcp_cpp/debug/test/Makefile&quot;  VERBOSE=1 &quot;$file&quot;"/>
					<Clean command="/usr/local/bin/gmake -j8 -f &quot;/Users/sraaphorst/Development/daily_coding_problem/dcp_cpp/debug/test/Makefile&quot;  VERBOSE=1 clean"/>
					<DistClean command="/usr/local/bin/gmake -j8 -f &quot;/Users/sraaphorst/Development/daily_coding_problem/dcp_cpp/debug/test/Makefile&quot;  VERBOSE=1 clean"/>
				</MakeCommands>
			</Target>
			<Target title="TestDay002">
				<Option output="/Users/sraaphorst/Development/daily_coding_problem/dcp_cpp/debug/test/TestDay002" prefix_auto="0" extension_auto="0"/>
				<Option working_dir="/Users/sraaphorst/Development/daily_coding_problem/dcp_cpp/debug/test"/>
				<Option object_output="./"/>
				<Option type="1"/>
				<Option compiler="gcc"/>
				<Compiler>
					<Add directory="/Users/sraaphorst/Development/daily_coding_problem/dcp_cpp/src"/>
					<Add directory="/Users/sraaphorst/Development/daily_coding_problem/dcp_cpp/test"/>
					<Add directory="/usr/local/Cellar/gcc/8.2.0/lib/gcc/8/gcc/x86_64-apple-darwin17.7.0/8.2.0/../../../../../../include/c++/8.2.0"/>
					<Add directory="/usr/local/Cellar/gcc/8.2.0/lib/gcc/8/gcc/x86_64-apple-darwin17.7.0/8.2.0/../../../../../../include/c++/8.2.0/x86_64-apple-darwin17.7.0"/>
					<Add directory="/usr/local/Cellar/gcc/8.2.0/lib/gcc/8/gcc/x86_64-apple-darwin17.7.0/8.2.0/../../../../../../include/c++/8.2.0/backward"/>
					<Add directory="/usr/local/Cellar/gcc/8.2.0/lib/gcc/8/gcc/x86_64-apple-darwin17.7.0/8.2.0/include"/>
					<Add directory="/usr/local/include"/>
					<Add directory="/usr/local/Cellar/gcc/8.2.0/include"/>
					<Add directory="/usr/local/Cellar/gcc/8.2.0/lib/gcc/8/gcc/x86_64-apple-darwin17.7.0/8.2.0/include-fixed"/>
					<Add directory="/usr/include"/>
					<Add directory="/System/Library/Frameworks"/>
					<Add directory="/Library/Frameworks"/>
				</Compiler>
				<MakeCommands>
					<Build command="/usr/local/bin/gmake -j8 -f &quot;/Users/sraaphorst/Development/daily_coding_problem/dcp_cpp/debug/test/Makefile&quot;  VERBOSE=1 TestDay002"/>
					<CompileFile command="/usr/local/bin/gmake -j8 -f &quot;/Users/sraaphorst/Development/daily_coding_problem/dcp_cpp/debug/test/Makefile&quot;  VERBOSE=1 &quot;$file&quot;"/>
					<Clean command="/usr/local/bin/gmake -j8 -f &quot;/Users/sraaphorst/Development/daily_coding_problem/dcp_cpp/debug/test/Makefile&quot;  VERBOSE=1 clean"/>
					<DistClean command="/usr/local/bin/gmake -j8 -f &quot;/Users/sraaphorst/Development/daily_coding_problem/dcp_cpp/debug/test/Makefile&quot;  VERBOSE=1 clean"/>
				</MakeCommands>
			</Target>
			<Target title="TestDay002/fast">
				<Option output="/Users/sraaphorst/Development/daily_coding_problem/dcp_cpp/debug/test/TestDay002" prefix_auto="0" extension_auto="0"/>
				<Option working_dir="/Users/sraaphorst/Development/daily_coding_problem/dcp_cpp/debug/test"/>
				<Option object_output="./"/>
				<Option type="1"/>
				<Option compiler="gcc"/>
				<Compiler>
					<Add directory="/Users/sraaphorst/Development/daily_coding_problem/dcp_cpp/src"/>
					<Add directory="/Users/sraaphorst/Development/daily_coding_problem/dcp_cpp/test"/>
					<Add directory="/usr/local/Cellar/gcc/8.2.0/lib/gcc/8/gcc/x86_64-apple-darwin17.7.0/8.2.0/../../../../../../include/c++/8.2.0"/>
					<Add directory="/usr/local/Cellar/gcc/8.2.0/lib/gcc/8/gcc/x86_64-apple-darwin17.7.0/8.2.0/../../../../../../include/c++/8.2.0/x86_64-apple-darwin17.7.0"/>
					<Add directory="/usr/local/Cellar/gcc/8.2.0/lib/gcc/8/gcc/x86_64-apple-darwin17.7.0/8.2.0/../../../../../../include/c++/8.2.0/backward"/>
					<Add directory="/usr/local/Cellar/gcc/8.2.0/lib/gcc/8/gcc/x86_64-apple-darwin17.7.0/8.2.0/include"/>
					<Add directory="/usr/local/include"/>
					<Add directory="/usr/local/Cellar/gcc/8.2.0/include"/>
					<Add directory="/usr/local/Cellar/gcc/8.2.0/lib/gcc/8/gcc/x86_64-apple-darwin17.7.0/8.2.0/include-fixed"/>
					<Add directory="/usr/include"/>
					<Add directory="/System/Library/Frameworks"/>
					<Add directory="/Library/Frameworks"/>
				</Compiler>
				<MakeCommands>
					<Build command="/usr/local/bin/gmake -j8 -f &quot;/Users/sraaphorst/Development/daily_coding_problem/dcp_cpp/debug/test/Makefile&quot;  VERBOSE=1 TestDay002/fast"/>
					<CompileFile command="/usr/local/bin/gmake -j8 -f &quot;/Users/sraaphorst/Development/daily_coding_problem/dcp_cpp/debug/test/Makefile&quot;  VERBOSE=1 &quot;$file&quot;"/>
					<Clean command="/usr/local/bin/gmake -j8 -f &quot;/Users/sraaphorst/Development/daily_coding_problem/dcp_cpp/debug/test/Makefile&quot;  VERBOSE=1 clean"/>
					<DistClean command="/usr/local/bin/gmake -j8 -f &quot;/Users/sraaphorst/Development/daily_coding_problem/dcp_cpp/debug/test/Makefile&quot;  VERBOSE=1 clean"/>
				</MakeCommands>
			</Target>
			<Target title="TestAll">
				<Option output="/Users/sraaphorst/Development/daily_coding_problem/dcp_cpp/debug/test/TestAll" prefix_auto="0" extension_auto="0"/>
				<Option working_dir="/Users/sraaphorst/Development/daily_coding_problem/dcp_cpp/debug/test"/>
				<Option object_output="./"/>
				<Option type="1"/>
				<Option compiler="gcc"/>
				<Compiler>
					<Add directory="/Users/sraaphorst/Development/daily_coding_problem/dcp_cpp/src"/>
					<Add directory="/Users/sraaphorst/Development/daily_coding_problem/dcp_cpp/test"/>
					<Add directory="/usr/local/Cellar/gcc/8.2.0/lib/gcc/8/gcc/x86_64-apple-darwin17.7.0/8.2.0/../../../../../../include/c++/8.2.0"/>
					<Add directory="/usr/local/Cellar/gcc/8.2.0/lib/gcc/8/gcc/x86_64-apple-darwin17.7.0/8.2.0/../../../../../../include/c++/8.2.0/x86_64-apple-darwin17.7.0"/>
					<Add directory="/usr/local/Cellar/gcc/8.2.0/lib/gcc/8/gcc/x86_64-apple-darwin17.7.0/8.2.0/../../../../../../include/c++/8.2.0/backward"/>
					<Add directory="/usr/local/Cellar/gcc/8.2.0/lib/gcc/8/gcc/x86_64-apple-darwin17.7.0/8.2.0/include"/>
					<Add directory="/usr/local/include"/>
					<Add directory="/usr/local/Cellar/gcc/8.2.0/include"/>
					<Add directory="/usr/local/Cellar/gcc/8.2.0/lib/gcc/8/gcc/x86_64-apple-darwin17.7.0/8.2.0/include-fixed"/>
					<Add directory="/usr/include"/>
					<Add directory="/System/Library/Frameworks"/>
					<Add directory="/Library/Frameworks"/>
				</Compiler>
				<MakeCommands>
					<Build command="/usr/local/bin/gmake -j8 -f &quot;/Users/sraaphorst/Development/daily_coding_problem/dcp_cpp/debug/test/Makefile&quot;  VERBOSE=1 TestAll"/>
					<CompileFile command="/usr/local/bin/gmake -j8 -f &quot;/Users/sraaphorst/Development/daily_coding_problem/dcp_cpp/debug/test/Makefile&quot;  VERBOSE=1 &quot;$file&quot;"/>
					<Clean command="/usr/local/bin/gmake -j8 -f &quot;/Users/sraaphorst/Development/daily_coding_problem/dcp_cpp/debug/test/Makefile&quot;  VERBOSE=1 clean"/>
					<DistClean command="/usr/local/bin/gmake -j8 -f &quot;/Users/sraaphorst/Development/daily_coding_problem/dcp_cpp/debug/test/Makefile&quot;  VERBOSE=1 clean"/>
				</MakeCommands>
			</Target>
			<Target title="TestAll/fast">
				<Option output="/Users/sraaphorst/Development/daily_coding_problem/dcp_cpp/debug/test/TestAll" prefix_auto="0" extension_auto="0"/>
				<Option working_dir="/Users/sraaphorst/Development/daily_coding_problem/dcp_cpp/debug/test"/>
				<Option object_output="./"/>
				<Option type="1"/>
				<Option compiler="gcc"/>
				<Compiler>
					<Add directory="/Users/sraaphorst/Development/daily_coding_problem/dcp_cpp/src"/>
					<Add directory="/Users/sraaphorst/Development/daily_coding_problem/dcp_cpp/test"/>
					<Add directory="/usr/local/Cellar/gcc/8.2.0/lib/gcc/8/gcc/x86_64-apple-darwin17.7.0/8.2.0/../../../../../../include/c++/8.2.0"/>
					<Add directory="/usr/local/Cellar/gcc/8.2.0/lib/gcc/8/gcc/x86_64-apple-darwin17.7.0/8.2.0/../../../../../../include/c++/8.2.0/x86_64-apple-darwin17.7.0"/>
					<Add directory="/usr/local/Cellar/gcc/8.2.0/lib/gcc/8/gcc/x86_64-apple-darwin17.7.0/8.2.0/../../../../../../include/c++/8.2.0/backward"/>
					<Add directory="/usr/local/Cellar/gcc/8.2.0/lib/gcc/8/gcc/x86_64-apple-darwin17.7.0/8.2.0/include"/>
					<Add directory="/usr/local/include"/>
					<Add directory="/usr/local/Cellar/gcc/8.2.0/include"/>
					<Add directory="/usr/local/Cellar/gcc/8.2.0/lib/gcc/8/gcc/x86_64-apple-darwin17.7.0/8.2.0/include-fixed"/>
					<Add directory="/usr/include"/>
					<Add directory="/System/Library/Frameworks"/>
					<Add directory="/Library/Frameworks"/>
				</Compiler>
				<MakeCommands>
					<Build command="/usr/local/bin/gmake -j8 -f &quot;/Users/sraaphorst/Development/daily_coding_problem/dcp_cpp/debug/test/Makefile&quot;  VERBOSE=1 TestAll/fast"/>
					<CompileFile command="/usr/local/bin/gmake -j8 -f &quot;/Users/sraaphorst/Development/daily_coding_problem/dcp_cpp/debug/test/Makefile&quot;  VERBOSE=1 &quot;$file&quot;"/>
					<Clean command="/usr/local/bin/gmake -j8 -f &quot;/Users/sraaphorst/Development/daily_coding_problem/dcp_cpp/debug/test/Makefile&quot;  VERBOSE=1 clean"/>
					<DistClean command="/usr/local/bin/gmake -j8 -f &quot;/Users/sraaphorst/Development/daily_coding_problem/dcp_cpp/debug/test/Makefile&quot;  VERBOSE=1 clean"/>
				</MakeCommands>
			</Target>
		</Build>
		<Unit filename="/Users/sraaphorst/Development/daily_coding_problem/dcp_cpp/test/TestDay001.cpp">
			<Option target="TestDay001"/>
			<Option target="TestAll"/>
		</Unit>
		<Unit filename="/Users/sraaphorst/Development/daily_coding_problem/dcp_cpp/test/TestDay002.cpp">
			<Option target="TestDay002"/>
			<Option target="TestAll"/>
		</Unit>
		<Unit filename="/Users/sraaphorst/Development/daily_coding_problem/dcp_cpp/test/TestDay012.cpp">
			<Option target="TestDay012"/>
			<Option target="TestAll"/>
		</Unit>
		<Unit filename="/Users/sraaphorst/Development/daily_coding_problem/dcp_cpp/test/main.cpp">
			<Option target="TestDay012"/>
			<Option target="TestDay001"/>
			<Option target="tests"/>
			<Option target="TestDay002"/>
			<Option target="TestAll"/>
		</Unit>
		<Unit filename="/Users/sraaphorst/Development/daily_coding_problem/dcp_cpp/CMakeLists.txt">
			<Option virtualFolder="CMake Files\"/>
		</Unit>
		<Unit filename="/Users/sraaphorst/Development/daily_coding_problem/dcp_cpp/test/CMakeLists.txt">
			<Option virtualFolder="CMake Files\test\"/>
		</Unit>
	</Project>
</CodeBlocks_project_file>
